
Microsoft Visual Studio Solution File, Format Version 12.00
# Visual Studio 2012
Project("{8BC9CEB8-8B4A-11D0-8D11-00A0C91BC942}") = "xFollow", "xFollow\xFollow.vcxproj", "{D3319AC1-0883-4613-AEAF-0AF11CB5B258}"
EndProject
Project("{8BC9CEB8-8B4A-11D0-8D11-00A0C91BC942}") = "xTraderManage", "xTraderManage\xTraderManage.vcxproj", "{B18CF606-20CB-441D-8F03-BD142CBE5527}"
EndProject
Project("{8BC9CEB8-8B4A-11D0-8D11-00A0C91BC942}") = "xFollowCenter", "xFollowCenter\xFollowCenter.vcxproj", "{CB4B49E2-E42D-49C7-93C4-BF6901E033C8}"
EndProject
Project("{8BC9CEB8-8B4A-11D0-8D11-00A0C91BC942}") = "XNYSTools", "XNYSTools\XNYSTools.vcxproj", "{E4EE9919-3C1A-408B-9CD9-80AFF4B62812}"
EndProject
Project("{8BC9CEB8-8B4A-11D0-8D11-00A0C91BC942}") = "xCTPPlugin", "xCTPPlugin\xCTPPlugin.vcxproj", "{0EDC4321-D015-4BFE-A194-F84F46680C40}"
EndProject
Project("{8BC9CEB8-8B4A-11D0-8D11-00A0C91BC942}") = "xFollowStrategy", "xFollowStrategy\xFollowStrategy.vcxproj", "{C271A3B3-E413-4F09-9D67-D41528BC89D2}"
EndProject
Project("{8BC9CEB8-8B4A-11D0-8D11-00A0C91BC942}") = "xBaseDatas", "xBaseDatas\xBaseDatas.vcxproj", "{85FA76C9-1933-486F-8D8A-AB7269D1F58B}"
EndProject
Project("{8BC9CEB8-8B4A-11D0-8D11-00A0C91BC942}") = "xEFPlugin", "xEFPlugin\xEFPlugin.vcxproj", "{1B39D11B-DBC3-4A29-B651-1FA6D9F0BBAF}"
EndProject
Global
	GlobalSection(SolutionConfigurationPlatforms) = preSolution
		Debug|Win32 = Debug|Win32
		Release|Win32 = Release|Win32
	EndGlobalSection
	GlobalSection(ProjectConfigurationPlatforms) = postSolution
		{D3319AC1-0883-4613-AEAF-0AF11CB5B258}.Debug|Win32.ActiveCfg = Debug|Win32
		{D3319AC1-0883-4613-AEAF-0AF11CB5B258}.Debug|Win32.Build.0 = Debug|Win32
		{D3319AC1-0883-4613-AEAF-0AF11CB5B258}.Release|Win32.ActiveCfg = Release|Win32
		{D3319AC1-0883-4613-AEAF-0AF11CB5B258}.Release|Win32.Build.0 = Release|Win32
		{B18CF606-20CB-441D-8F03-BD142CBE5527}.Debug|Win32.ActiveCfg = Debug|Win32
		{B18CF606-20CB-441D-8F03-BD142CBE5527}.Debug|Win32.Build.0 = Debug|Win32
		{B18CF606-20CB-441D-8F03-BD142CBE5527}.Release|Win32.ActiveCfg = Release|Win32
		{B18CF606-20CB-441D-8F03-BD142CBE5527}.Release|Win32.Build.0 = Release|Win32
		{CB4B49E2-E42D-49C7-93C4-BF6901E033C8}.Debug|Win32.ActiveCfg = Debug|Win32
		{CB4B49E2-E42D-49C7-93C4-BF6901E033C8}.Debug|Win32.Build.0 = Debug|Win32
		{CB4B49E2-E42D-49C7-93C4-BF6901E033C8}.Release|Win32.ActiveCfg = Release|Win32
		{CB4B49E2-E42D-49C7-93C4-BF6901E033C8}.Release|Win32.Build.0 = Release|Win32
		{E4EE9919-3C1A-408B-9CD9-80AFF4B62812}.Debug|Win32.ActiveCfg = Debug|Win32
		{E4EE9919-3C1A-408B-9CD9-80AFF4B62812}.Debug|Win32.Build.0 = Debug|Win32
		{E4EE9919-3C1A-408B-9CD9-80AFF4B62812}.Release|Win32.ActiveCfg = Release|Win32
		{E4EE9919-3C1A-408B-9CD9-80AFF4B62812}.Release|Win32.Build.0 = Release|Win32
		{0EDC4321-D015-4BFE-A194-F84F46680C40}.Debug|Win32.ActiveCfg = Debug|Win32
		{0EDC4321-D015-4BFE-A194-F84F46680C40}.Debug|Win32.Build.0 = Debug|Win32
		{0EDC4321-D015-4BFE-A194-F84F46680C40}.Release|Win32.ActiveCfg = Release|Win32
		{0EDC4321-D015-4BFE-A194-F84F46680C40}.Release|Win32.Build.0 = Release|Win32
		{C271A3B3-E413-4F09-9D67-D41528BC89D2}.Debug|Win32.ActiveCfg = Debug|Win32
		{C271A3B3-E413-4F09-9D67-D41528BC89D2}.Debug|Win32.Build.0 = Debug|Win32
		{C271A3B3-E413-4F09-9D67-D41528BC89D2}.Release|Win32.ActiveCfg = Release|Win32
		{C271A3B3-E413-4F09-9D67-D41528BC89D2}.Release|Win32.Build.0 = Release|Win32
		{85FA76C9-1933-486F-8D8A-AB7269D1F58B}.Debug|Win32.ActiveCfg = Debug|Win32
		{85FA76C9-1933-486F-8D8A-AB7269D1F58B}.Debug|Win32.Build.0 = Debug|Win32
		{85FA76C9-1933-486F-8D8A-AB7269D1F58B}.Release|Win32.ActiveCfg = Release|Win32
		{85FA76C9-1933-486F-8D8A-AB7269D1F58B}.Release|Win32.Build.0 = Release|Win32
		{1B39D11B-DBC3-4A29-B651-1FA6D9F0BBAF}.Debug|Win32.ActiveCfg = Debug|Win32
		{1B39D11B-DBC3-4A29-B651-1FA6D9F0BBAF}.Debug|Win32.Build.0 = Debug|Win32
		{1B39D11B-DBC3-4A29-B651-1FA6D9F0BBAF}.Release|Win32.ActiveCfg = Release|Win32
		{1B39D11B-DBC3-4A29-B651-1FA6D9F0BBAF}.Release|Win32.Build.0 = Release|Win32
	EndGlobalSection
	GlobalSection(SolutionProperties) = preSolution
		HideSolutionNode = FALSE
	EndGlobalSection
EndGlobal
