<?xml version="1.0" encoding="utf-8"?>
<Project ToolsVersion="4.0" xmlns="http://schemas.microsoft.com/developer/msbuild/2003">
  <ItemGroup>
    <Filter Include="源文件">
      <UniqueIdentifier>{4FC737F1-C7A5-4376-A066-2A32D752A2FF}</UniqueIdentifier>
      <Extensions>cpp;c;cc;cxx;def;odl;idl;hpj;bat;asm;asmx</Extensions>
    </Filter>
    <Filter Include="头文件">
      <UniqueIdentifier>{93995380-89BD-4b04-88EB-625FBE52EBFB}</UniqueIdentifier>
      <Extensions>h;hpp;hxx;hm;inl;inc;xsd</Extensions>
    </Filter>
    <Filter Include="资源文件">
      <UniqueIdentifier>{67DA6AB6-F800-4c08-8B7A-83BB121AAD01}</UniqueIdentifier>
      <Extensions>rc;ico;cur;bmp;dlg;rc2;rct;bin;rgs;gif;jpg;jpeg;jpe;resx;tiff;tif;png;wav;mfcribbon-ms</Extensions>
    </Filter>
    <Filter Include="Interface">
      <UniqueIdentifier>{d9914351-355a-4fdf-b798-9bc8f8853bb1}</UniqueIdentifier>
    </Filter>
    <Filter Include="User">
      <UniqueIdentifier>{4fa2a0db-32a6-4615-bf53-1ff83e1f999c}</UniqueIdentifier>
    </Filter>
    <Filter Include="Event">
      <UniqueIdentifier>{fe366ca1-4211-428c-9832-87a897769410}</UniqueIdentifier>
    </Filter>
  </ItemGroup>
  <ItemGroup>
    <ClInclude Include="Interface\ICFollowCenter.h">
      <Filter>Interface</Filter>
    </ClInclude>
    <ClInclude Include="Interface\IFollowCenter.h">
      <Filter>Interface</Filter>
    </ClInclude>
    <ClInclude Include="Source\DatabaseConnection.h">
      <Filter>头文件</Filter>
    </ClInclude>
    <ClInclude Include="Source\DatabaseDefine.h">
      <Filter>头文件</Filter>
    </ClInclude>
    <ClInclude Include="Source\FollowCenter.h">
      <Filter>头文件</Filter>
    </ClInclude>
    <ClInclude Include="Source\LoadDatabase.h">
      <Filter>头文件</Filter>
    </ClInclude>
    <ClInclude Include="Source\EventDefine.h">
      <Filter>Event</Filter>
    </ClInclude>
    <ClInclude Include="Source\EventStruct.h">
      <Filter>Event</Filter>
    </ClInclude>
    <ClInclude Include="Source\FollowEvent.h">
      <Filter>Event</Filter>
    </ClInclude>
    <ClInclude Include="Source\FollowHandle.h">
      <Filter>Event</Filter>
    </ClInclude>
    <ClInclude Include="Source\FollowUser.h">
      <Filter>User</Filter>
    </ClInclude>
    <ClInclude Include="Source\IUser.h">
      <Filter>User</Filter>
    </ClInclude>
    <ClInclude Include="Source\TargetUser.h">
      <Filter>User</Filter>
    </ClInclude>
    <ClInclude Include="Source\UserRepository.h">
      <Filter>User</Filter>
    </ClInclude>
    <ClInclude Include="Source\UserStatusControl.h">
      <Filter>User</Filter>
    </ClInclude>
  </ItemGroup>
  <ItemGroup>
    <ClCompile Include="Source\DatabaseConnection.cpp">
      <Filter>源文件</Filter>
    </ClCompile>
    <ClCompile Include="Source\FollowCenter.cpp">
      <Filter>源文件</Filter>
    </ClCompile>
    <ClCompile Include="Source\ICFollowCenter.cpp">
      <Filter>源文件</Filter>
    </ClCompile>
    <ClCompile Include="Source\LoadDatabase.cpp">
      <Filter>源文件</Filter>
    </ClCompile>
    <ClCompile Include="Source\FollowHandle.cpp">
      <Filter>Event</Filter>
    </ClCompile>
    <ClCompile Include="Source\FollowUser.cpp">
      <Filter>User</Filter>
    </ClCompile>
    <ClCompile Include="Source\TargetUser.cpp">
      <Filter>User</Filter>
    </ClCompile>
    <ClCompile Include="Source\UserRepository.cpp">
      <Filter>User</Filter>
    </ClCompile>
    <ClCompile Include="Source\UserStatusControl.cpp">
      <Filter>User</Filter>
    </ClCompile>
  </ItemGroup>
</Project>